
Microsoft Visual Studio Solution File, Format Version 12.00
# Visual Studio Version 17
VisualStudioVersion = 17.7.34031.279
MinimumVisualStudioVersion = 10.0.40219.1
Project("{FAE04EC0-301F-11D3-BF4B-00C04F79EFBC}") = "PacktLibrary", "PacktLibrary.csproj", "{8310232D-7C57-4F2F-8B75-2CA52B26A107}"
EndProject
Project("{FAE04EC0-301F-11D3-BF4B-00C04F79EFBC}") = "PeopleApp", "..\PeopleApp\PeopleApp.csproj", "{47221BB3-E845-43BB-AA0D-70E36E4C28B0}"
EndProject
Global
	GlobalSection(SolutionConfigurationPlatforms) = preSolution
		Debug|Any CPU = Debug|Any CPU
		Release|Any CPU = Release|Any CPU
	EndGlobalSection
	GlobalSection(ProjectConfigurationPlatforms) = postSolution
		{8310232D-7C57-4F2F-8B75-2CA52B26A107}.Debug|Any CPU.ActiveCfg = Debug|Any CPU
		{8310232D-7C57-4F2F-8B75-2CA52B26A107}.Debug|Any CPU.Build.0 = Debug|Any CPU
		{8310232D-7C57-4F2F-8B75-2CA52B26A107}.Release|Any CPU.ActiveCfg = Release|Any CPU
		{8310232D-7C57-4F2F-8B75-2CA52B26A107}.Release|Any CPU.Build.0 = Release|Any CPU
		{47221BB3-E845-43BB-AA0D-70E36E4C28B0}.Debug|Any CPU.ActiveCfg = Debug|Any CPU
		{47221BB3-E845-43BB-AA0D-70E36E4C28B0}.Debug|Any CPU.Build.0 = Debug|Any CPU
		{47221BB3-E845-43BB-AA0D-70E36E4C28B0}.Release|Any CPU.ActiveCfg = Release|Any CPU
		{47221BB3-E845-43BB-AA0D-70E36E4C28B0}.Release|Any CPU.Build.0 = Release|Any CPU
	EndGlobalSection
	GlobalSection(SolutionProperties) = preSolution
		HideSolutionNode = FALSE
	EndGlobalSection
	GlobalSection(ExtensibilityGlobals) = postSolution
		SolutionGuid = {AE144627-BB05-4C61-8220-43F28F321667}
	EndGlobalSection
EndGlobal
