
Microsoft Visual Studio Solution File, Format Version 12.00
# Visual Studio Version 17
VisualStudioVersion = 17.5.002.0
MinimumVisualStudioVersion = 10.0.40219.1
Project("{9A19103F-16F7-4668-BE54-9A1E7A4F7556}") = "Northwind.Web", "Northwind.Web.csproj", "{5CE35840-F621-46AD-B8E3-BC2F84CEBAD8}"
EndProject
Global
	GlobalSection(SolutionConfigurationPlatforms) = preSolution
		Debug|Any CPU = Debug|Any CPU
		Release|Any CPU = Release|Any CPU
	EndGlobalSection
	GlobalSection(ProjectConfigurationPlatforms) = postSolution
		{5CE35840-F621-46AD-B8E3-BC2F84CEBAD8}.Debug|Any CPU.ActiveCfg = Debug|Any CPU
		{5CE35840-F621-46AD-B8E3-BC2F84CEBAD8}.Debug|Any CPU.Build.0 = Debug|Any CPU
		{5CE35840-F621-46AD-B8E3-BC2F84CEBAD8}.Release|Any CPU.ActiveCfg = Release|Any CPU
		{5CE35840-F621-46AD-B8E3-BC2F84CEBAD8}.Release|Any CPU.Build.0 = Release|Any CPU
	EndGlobalSection
	GlobalSection(SolutionProperties) = preSolution
		HideSolutionNode = FALSE
	EndGlobalSection
	GlobalSection(ExtensibilityGlobals) = postSolution
		SolutionGuid = {C8C53BF8-9092-4B81-B979-066310B13474}
	EndGlobalSection
EndGlobal
